
Microsoft Visual Studio Solution File, Format Version 12.00
Project("{FAE04EC0-301F-11D3-BF4B-00C04F79EFBC}") = "Overflow.AppHost", "Overflow.AppHost\Overflow.AppHost.csproj", "{AF3865FD-8F6E-4B58-8472-797D7B0DD316}"
EndProject
Project("{FAE04EC0-301F-11D3-BF4B-00C04F79EFBC}") = "Overflow.ServiceDefaults", "Overflow.ServiceDefaults\Overflow.ServiceDefaults.csproj", "{93BBC0B1-9E12-457C-AD17-D4AA2D569FD0}"
EndProject
Global
	GlobalSection(SolutionConfigurationPlatforms) = preSolution
		Debug|Any CPU = Debug|Any CPU
		Release|Any CPU = Release|Any CPU
	EndGlobalSection
	GlobalSection(ProjectConfigurationPlatforms) = postSolution
		{AF3865FD-8F6E-4B58-8472-797D7B0DD316}.Debug|Any CPU.ActiveCfg = Debug|Any CPU
		{AF3865FD-8F6E-4B58-8472-797D7B0DD316}.Debug|Any CPU.Build.0 = Debug|Any CPU
		{AF3865FD-8F6E-4B58-8472-797D7B0DD316}.Release|Any CPU.ActiveCfg = Release|Any CPU
		{AF3865FD-8F6E-4B58-8472-797D7B0DD316}.Release|Any CPU.Build.0 = Release|Any CPU
		{93BBC0B1-9E12-457C-AD17-D4AA2D569FD0}.Debug|Any CPU.ActiveCfg = Debug|Any CPU
		{93BBC0B1-9E12-457C-AD17-D4AA2D569FD0}.Debug|Any CPU.Build.0 = Debug|Any CPU
		{93BBC0B1-9E12-457C-AD17-D4AA2D569FD0}.Release|Any CPU.ActiveCfg = Release|Any CPU
		{93BBC0B1-9E12-457C-AD17-D4AA2D569FD0}.Release|Any CPU.Build.0 = Release|Any CPU
	EndGlobalSection
EndGlobal
